
Microsoft Visual Studio Solution File, Format Version 12.00
# Visual Studio Version 17
VisualStudioVersion = 17.11.35312.102
MinimumVisualStudioVersion = 10.0.40219.1
Project("{FAE04EC0-301F-11D3-BF4B-00C04F79EFBC}") = "QLNhanSu", "QLNhanSu\QLNhanSu.csproj", "{58472DF3-9421-421A-963C-25C22F00C16E}"
EndProject
Global
	GlobalSection(SolutionConfigurationPlatforms) = preSolution
		Debug|Any CPU = Debug|Any CPU
		Release|Any CPU = Release|Any CPU
	EndGlobalSection
	GlobalSection(ProjectConfigurationPlatforms) = postSolution
		{58472DF3-9421-421A-963C-25C22F00C16E}.Debug|Any CPU.ActiveCfg = Debug|Any CPU
		{58472DF3-9421-421A-963C-25C22F00C16E}.Debug|Any CPU.Build.0 = Debug|Any CPU
		{58472DF3-9421-421A-963C-25C22F00C16E}.Release|Any CPU.ActiveCfg = Release|Any CPU
		{58472DF3-9421-421A-963C-25C22F00C16E}.Release|Any CPU.Build.0 = Release|Any CPU
	EndGlobalSection
	GlobalSection(SolutionProperties) = preSolution
		HideSolutionNode = FALSE
	EndGlobalSection
	GlobalSection(ExtensibilityGlobals) = postSolution
		SolutionGuid = {67B84042-D9FE-476E-9580-9189BA5E35CF}
	EndGlobalSection
EndGlobal
